
Microsoft Visual Studio Solution File, Format Version 12.00
# Visual Studio Version 17
VisualStudioVersion = 17.7.34202.233
MinimumVisualStudioVersion = 10.0.40219.1
Project("{FAE04EC0-301F-11D3-BF4B-00C04F79EFBC}") = "OneIMExtensions", "OneIMExtensions\OneIMExtensions.csproj", "{EAA851B8-9464-4D94-98D0-995E5CA2E8E1}"
EndProject
Project("{FAE04EC0-301F-11D3-BF4B-00C04F79EFBC}") = "TypedWrapperExtensions", "TypedWrapperExtensions\TypedWrapperExtensions.csproj", "{F819C0D1-9570-4DD7-B112-0E685A57751F}"
EndProject
Project("{FAE04EC0-301F-11D3-BF4B-00C04F79EFBC}") = "ExtensionTester", "ExtensionTester\ExtensionTester.csproj", "{0F0892F8-1515-46FF-89CC-3434C089EAAD}"
EndProject
Project("{FAE04EC0-301F-11D3-BF4B-00C04F79EFBC}") = "GuiExtensions", "GuiExtensions\GuiExtensions.csproj", "{1A63E3C8-23AE-4CC5-A26A-B4676C5E6DEB}"
EndProject
Global
	GlobalSection(SolutionConfigurationPlatforms) = preSolution
		OneIM900|Any CPU = OneIM900|Any CPU
		OneIM910|Any CPU = OneIM910|Any CPU
		OneIM911|Any CPU = OneIM911|Any CPU
		OneIM912|Any CPU = OneIM912|Any CPU
		OneIM913|Any CPU = OneIM913|Any CPU
		OneIM920|Any CPU = OneIM920|Any CPU
		OneIM921|Any CPU = OneIM921|Any CPU
		OneIM922|Any CPU = OneIM922|Any CPU
		OneIM930|Any CPU = OneIM930|Any CPU
	EndGlobalSection
	GlobalSection(ProjectConfigurationPlatforms) = postSolution
		{EAA851B8-9464-4D94-98D0-995E5CA2E8E1}.OneIM900|Any CPU.ActiveCfg = OneIM900|Any CPU
		{EAA851B8-9464-4D94-98D0-995E5CA2E8E1}.OneIM900|Any CPU.Build.0 = OneIM900|Any CPU
		{EAA851B8-9464-4D94-98D0-995E5CA2E8E1}.OneIM910|Any CPU.ActiveCfg = OneIM910|Any CPU
		{EAA851B8-9464-4D94-98D0-995E5CA2E8E1}.OneIM910|Any CPU.Build.0 = OneIM910|Any CPU
		{EAA851B8-9464-4D94-98D0-995E5CA2E8E1}.OneIM911|Any CPU.ActiveCfg = OneIM911|Any CPU
		{EAA851B8-9464-4D94-98D0-995E5CA2E8E1}.OneIM911|Any CPU.Build.0 = OneIM911|Any CPU
		{EAA851B8-9464-4D94-98D0-995E5CA2E8E1}.OneIM912|Any CPU.ActiveCfg = OneIM912|Any CPU
		{EAA851B8-9464-4D94-98D0-995E5CA2E8E1}.OneIM912|Any CPU.Build.0 = OneIM912|Any CPU
		{EAA851B8-9464-4D94-98D0-995E5CA2E8E1}.OneIM913|Any CPU.ActiveCfg = OneIM913|Any CPU
		{EAA851B8-9464-4D94-98D0-995E5CA2E8E1}.OneIM913|Any CPU.Build.0 = OneIM913|Any CPU
		{EAA851B8-9464-4D94-98D0-995E5CA2E8E1}.OneIM920|Any CPU.ActiveCfg = OneIM920|Any CPU
		{EAA851B8-9464-4D94-98D0-995E5CA2E8E1}.OneIM920|Any CPU.Build.0 = OneIM920|Any CPU
		{EAA851B8-9464-4D94-98D0-995E5CA2E8E1}.OneIM921|Any CPU.ActiveCfg = OneIM921|Any CPU
		{EAA851B8-9464-4D94-98D0-995E5CA2E8E1}.OneIM921|Any CPU.Build.0 = OneIM921|Any CPU
		{EAA851B8-9464-4D94-98D0-995E5CA2E8E1}.OneIM922|Any CPU.ActiveCfg = OneIM922|Any CPU
		{EAA851B8-9464-4D94-98D0-995E5CA2E8E1}.OneIM922|Any CPU.Build.0 = OneIM922|Any CPU
		{EAA851B8-9464-4D94-98D0-995E5CA2E8E1}.OneIM930|Any CPU.ActiveCfg = OneIM930|Any CPU
		{EAA851B8-9464-4D94-98D0-995E5CA2E8E1}.OneIM930|Any CPU.Build.0 = OneIM930|Any CPU
		{F819C0D1-9570-4DD7-B112-0E685A57751F}.OneIM900|Any CPU.ActiveCfg = OneIM900|Any CPU
		{F819C0D1-9570-4DD7-B112-0E685A57751F}.OneIM900|Any CPU.Build.0 = OneIM900|Any CPU
		{F819C0D1-9570-4DD7-B112-0E685A57751F}.OneIM910|Any CPU.ActiveCfg = OneIM910|Any CPU
		{F819C0D1-9570-4DD7-B112-0E685A57751F}.OneIM910|Any CPU.Build.0 = OneIM910|Any CPU
		{F819C0D1-9570-4DD7-B112-0E685A57751F}.OneIM911|Any CPU.ActiveCfg = OneIM911|Any CPU
		{F819C0D1-9570-4DD7-B112-0E685A57751F}.OneIM911|Any CPU.Build.0 = OneIM911|Any CPU
		{F819C0D1-9570-4DD7-B112-0E685A57751F}.OneIM912|Any CPU.ActiveCfg = OneIM912|Any CPU
		{F819C0D1-9570-4DD7-B112-0E685A57751F}.OneIM912|Any CPU.Build.0 = OneIM912|Any CPU
		{F819C0D1-9570-4DD7-B112-0E685A57751F}.OneIM913|Any CPU.ActiveCfg = OneIM913|Any CPU
		{F819C0D1-9570-4DD7-B112-0E685A57751F}.OneIM913|Any CPU.Build.0 = OneIM913|Any CPU
		{F819C0D1-9570-4DD7-B112-0E685A57751F}.OneIM920|Any CPU.ActiveCfg = OneIM920|Any CPU
		{F819C0D1-9570-4DD7-B112-0E685A57751F}.OneIM920|Any CPU.Build.0 = OneIM920|Any CPU
		{F819C0D1-9570-4DD7-B112-0E685A57751F}.OneIM921|Any CPU.ActiveCfg = OneIM921|Any CPU
		{F819C0D1-9570-4DD7-B112-0E685A57751F}.OneIM921|Any CPU.Build.0 = OneIM921|Any CPU
		{F819C0D1-9570-4DD7-B112-0E685A57751F}.OneIM922|Any CPU.ActiveCfg = OneIM922|Any CPU
		{F819C0D1-9570-4DD7-B112-0E685A57751F}.OneIM922|Any CPU.Build.0 = OneIM922|Any CPU
		{F819C0D1-9570-4DD7-B112-0E685A57751F}.OneIM930|Any CPU.ActiveCfg = OneIM930|Any CPU
		{F819C0D1-9570-4DD7-B112-0E685A57751F}.OneIM930|Any CPU.Build.0 = OneIM930|Any CPU
		{0F0892F8-1515-46FF-89CC-3434C089EAAD}.OneIM900|Any CPU.ActiveCfg = OneIM900|Any CPU
		{0F0892F8-1515-46FF-89CC-3434C089EAAD}.OneIM900|Any CPU.Build.0 = OneIM900|Any CPU
		{0F0892F8-1515-46FF-89CC-3434C089EAAD}.OneIM910|Any CPU.ActiveCfg = OneIM910|Any CPU
		{0F0892F8-1515-46FF-89CC-3434C089EAAD}.OneIM910|Any CPU.Build.0 = OneIM910|Any CPU
		{0F0892F8-1515-46FF-89CC-3434C089EAAD}.OneIM911|Any CPU.ActiveCfg = OneIM911|Any CPU
		{0F0892F8-1515-46FF-89CC-3434C089EAAD}.OneIM911|Any CPU.Build.0 = OneIM911|Any CPU
		{0F0892F8-1515-46FF-89CC-3434C089EAAD}.OneIM912|Any CPU.ActiveCfg = OneIM912|Any CPU
		{0F0892F8-1515-46FF-89CC-3434C089EAAD}.OneIM912|Any CPU.Build.0 = OneIM912|Any CPU
		{0F0892F8-1515-46FF-89CC-3434C089EAAD}.OneIM913|Any CPU.ActiveCfg = OneIM913|Any CPU
		{0F0892F8-1515-46FF-89CC-3434C089EAAD}.OneIM913|Any CPU.Build.0 = OneIM913|Any CPU
		{0F0892F8-1515-46FF-89CC-3434C089EAAD}.OneIM920|Any CPU.ActiveCfg = OneIM920|Any CPU
		{0F0892F8-1515-46FF-89CC-3434C089EAAD}.OneIM920|Any CPU.Build.0 = OneIM920|Any CPU
		{0F0892F8-1515-46FF-89CC-3434C089EAAD}.OneIM921|Any CPU.ActiveCfg = OneIM921|Any CPU
		{0F0892F8-1515-46FF-89CC-3434C089EAAD}.OneIM921|Any CPU.Build.0 = OneIM921|Any CPU
		{0F0892F8-1515-46FF-89CC-3434C089EAAD}.OneIM922|Any CPU.ActiveCfg = OneIM922|Any CPU
		{0F0892F8-1515-46FF-89CC-3434C089EAAD}.OneIM922|Any CPU.Build.0 = OneIM922|Any CPU
		{0F0892F8-1515-46FF-89CC-3434C089EAAD}.OneIM930|Any CPU.ActiveCfg = OneIM930|Any CPU
		{0F0892F8-1515-46FF-89CC-3434C089EAAD}.OneIM930|Any CPU.Build.0 = OneIM930|Any CPU
		{1A63E3C8-23AE-4CC5-A26A-B4676C5E6DEB}.OneIM900|Any CPU.ActiveCfg = OneIM900|Any CPU
		{1A63E3C8-23AE-4CC5-A26A-B4676C5E6DEB}.OneIM900|Any CPU.Build.0 = OneIM900|Any CPU
		{1A63E3C8-23AE-4CC5-A26A-B4676C5E6DEB}.OneIM910|Any CPU.ActiveCfg = OneIM910|Any CPU
		{1A63E3C8-23AE-4CC5-A26A-B4676C5E6DEB}.OneIM910|Any CPU.Build.0 = OneIM910|Any CPU
		{1A63E3C8-23AE-4CC5-A26A-B4676C5E6DEB}.OneIM911|Any CPU.ActiveCfg = OneIM911|Any CPU
		{1A63E3C8-23AE-4CC5-A26A-B4676C5E6DEB}.OneIM911|Any CPU.Build.0 = OneIM911|Any CPU
		{1A63E3C8-23AE-4CC5-A26A-B4676C5E6DEB}.OneIM912|Any CPU.ActiveCfg = OneIM912|Any CPU
		{1A63E3C8-23AE-4CC5-A26A-B4676C5E6DEB}.OneIM912|Any CPU.Build.0 = OneIM912|Any CPU
		{1A63E3C8-23AE-4CC5-A26A-B4676C5E6DEB}.OneIM913|Any CPU.ActiveCfg = OneIM913|Any CPU
		{1A63E3C8-23AE-4CC5-A26A-B4676C5E6DEB}.OneIM913|Any CPU.Build.0 = OneIM913|Any CPU
		{1A63E3C8-23AE-4CC5-A26A-B4676C5E6DEB}.OneIM920|Any CPU.ActiveCfg = OneIM920|Any CPU
		{1A63E3C8-23AE-4CC5-A26A-B4676C5E6DEB}.OneIM920|Any CPU.Build.0 = OneIM920|Any CPU
		{1A63E3C8-23AE-4CC5-A26A-B4676C5E6DEB}.OneIM921|Any CPU.ActiveCfg = OneIM921|Any CPU
		{1A63E3C8-23AE-4CC5-A26A-B4676C5E6DEB}.OneIM921|Any CPU.Build.0 = OneIM921|Any CPU
		{1A63E3C8-23AE-4CC5-A26A-B4676C5E6DEB}.OneIM922|Any CPU.ActiveCfg = OneIM922|Any CPU
		{1A63E3C8-23AE-4CC5-A26A-B4676C5E6DEB}.OneIM922|Any CPU.Build.0 = OneIM922|Any CPU
		{1A63E3C8-23AE-4CC5-A26A-B4676C5E6DEB}.OneIM930|Any CPU.ActiveCfg = OneIM930|Any CPU
		{1A63E3C8-23AE-4CC5-A26A-B4676C5E6DEB}.OneIM930|Any CPU.Build.0 = OneIM930|Any CPU
	EndGlobalSection
	GlobalSection(SolutionProperties) = preSolution
		HideSolutionNode = FALSE
	EndGlobalSection
	GlobalSection(ExtensibilityGlobals) = postSolution
		SolutionGuid = {3F19DA92-C791-4C30-BFE5-F6886F68ACC8}
	EndGlobalSection
EndGlobal
