
Microsoft Visual Studio Solution File, Format Version 12.00
# Visual Studio Version 17
VisualStudioVersion = 17.5.33516.290
MinimumVisualStudioVersion = 10.0.40219.1
Project("{FAE04EC0-301F-11D3-BF4B-00C04F79EFBC}") = "OneIMExtensions", "OneIMExtensions\OneIMExtensions.csproj", "{EAA851B8-9464-4D94-98D0-995E5CA2E8E1}"
EndProject
Project("{FAE04EC0-301F-11D3-BF4B-00C04F79EFBC}") = "TypedWrapperExtensions", "TypedWrapperExtensions\TypedWrapperExtensions.csproj", "{F819C0D1-9570-4DD7-B112-0E685A57751F}"
EndProject
Project("{FAE04EC0-301F-11D3-BF4B-00C04F79EFBC}") = "ExtensionTester", "ExtensionTester\ExtensionTester.csproj", "{0F0892F8-1515-46FF-89CC-3434C089EAAD}"
EndProject
Global
	GlobalSection(SolutionConfigurationPlatforms) = preSolution
		OneIM815|Any CPU = OneIM815|Any CPU
		OneIM821|Any CPU = OneIM821|Any CPU
		OneIM900|Any CPU = OneIM900|Any CPU
		OneIM910|Any CPU = OneIM910|Any CPU
	EndGlobalSection
	GlobalSection(ProjectConfigurationPlatforms) = postSolution
		{EAA851B8-9464-4D94-98D0-995E5CA2E8E1}.OneIM815|Any CPU.ActiveCfg = OneIM815|Any CPU
		{EAA851B8-9464-4D94-98D0-995E5CA2E8E1}.OneIM815|Any CPU.Build.0 = OneIM815|Any CPU
		{EAA851B8-9464-4D94-98D0-995E5CA2E8E1}.OneIM821|Any CPU.ActiveCfg = OneIM821|Any CPU
		{EAA851B8-9464-4D94-98D0-995E5CA2E8E1}.OneIM821|Any CPU.Build.0 = OneIM821|Any CPU
		{EAA851B8-9464-4D94-98D0-995E5CA2E8E1}.OneIM900|Any CPU.ActiveCfg = OneIM900|Any CPU
		{EAA851B8-9464-4D94-98D0-995E5CA2E8E1}.OneIM900|Any CPU.Build.0 = OneIM900|Any CPU
		{EAA851B8-9464-4D94-98D0-995E5CA2E8E1}.OneIM910|Any CPU.ActiveCfg = OneIM910|Any CPU
		{EAA851B8-9464-4D94-98D0-995E5CA2E8E1}.OneIM910|Any CPU.Build.0 = OneIM910|Any CPU
		{F819C0D1-9570-4DD7-B112-0E685A57751F}.OneIM815|Any CPU.ActiveCfg = OneIM815|Any CPU
		{F819C0D1-9570-4DD7-B112-0E685A57751F}.OneIM815|Any CPU.Build.0 = OneIM815|Any CPU
		{F819C0D1-9570-4DD7-B112-0E685A57751F}.OneIM821|Any CPU.ActiveCfg = OneIM821|Any CPU
		{F819C0D1-9570-4DD7-B112-0E685A57751F}.OneIM821|Any CPU.Build.0 = OneIM821|Any CPU
		{F819C0D1-9570-4DD7-B112-0E685A57751F}.OneIM900|Any CPU.ActiveCfg = OneIM900|Any CPU
		{F819C0D1-9570-4DD7-B112-0E685A57751F}.OneIM900|Any CPU.Build.0 = OneIM900|Any CPU
		{F819C0D1-9570-4DD7-B112-0E685A57751F}.OneIM910|Any CPU.ActiveCfg = OneIM910|Any CPU
		{F819C0D1-9570-4DD7-B112-0E685A57751F}.OneIM910|Any CPU.Build.0 = OneIM910|Any CPU
		{0F0892F8-1515-46FF-89CC-3434C089EAAD}.OneIM815|Any CPU.ActiveCfg = OneIM815|Any CPU
		{0F0892F8-1515-46FF-89CC-3434C089EAAD}.OneIM815|Any CPU.Build.0 = OneIM815|Any CPU
		{0F0892F8-1515-46FF-89CC-3434C089EAAD}.OneIM821|Any CPU.ActiveCfg = OneIM821|Any CPU
		{0F0892F8-1515-46FF-89CC-3434C089EAAD}.OneIM821|Any CPU.Build.0 = OneIM821|Any CPU
		{0F0892F8-1515-46FF-89CC-3434C089EAAD}.OneIM900|Any CPU.ActiveCfg = OneIM900|Any CPU
		{0F0892F8-1515-46FF-89CC-3434C089EAAD}.OneIM900|Any CPU.Build.0 = OneIM900|Any CPU
		{0F0892F8-1515-46FF-89CC-3434C089EAAD}.OneIM910|Any CPU.ActiveCfg = OneIM910|Any CPU
		{0F0892F8-1515-46FF-89CC-3434C089EAAD}.OneIM910|Any CPU.Build.0 = OneIM910|Any CPU
	EndGlobalSection
	GlobalSection(SolutionProperties) = preSolution
		HideSolutionNode = FALSE
	EndGlobalSection
	GlobalSection(ExtensibilityGlobals) = postSolution
		SolutionGuid = {3F19DA92-C791-4C30-BFE5-F6886F68ACC8}
	EndGlobalSection
EndGlobal
